
Microsoft Visual Studio Solution File, Format Version 12.00
# Visual Studio Version 16
VisualStudioVersion = 16.0.30330.147
MinimumVisualStudioVersion = 10.0.40219.1
Project("{FAE04EC0-301F-11D3-BF4B-00C04F79EFBC}") = "Quanlyquancafe", "quanly\Quanlyquancafe.csproj", "{5C4F5664-59E1-41B8-B8A9-BE21576800A5}"
EndProject
Project("{54435603-DBB4-11D2-8724-00A0C9A8B90C}") = "Setup server", "..\..\..\Desktop\Setup server\Setup server\Setup server.vdproj", "{9A82152D-BCCB-48BE-BED7-47E8D0D209E7}"
EndProject
Project("{54435603-DBB4-11D2-8724-00A0C9A8B90C}") = "Setup", "..\..\..\Desktop\Setup Server2\Setup\Setup.vdproj", "{E3C1FD20-DF58-432F-B267-BD20378F0CBD}"
EndProject
Project("{54435603-DBB4-11D2-8724-00A0C9A8B90C}") = "Setup1", "..\..\..\Desktop\phanmem\Setup1\Setup1.vdproj", "{B8DEC985-2BAF-4388-A507-C178D6AB1A34}"
EndProject
Global
	GlobalSection(SolutionConfigurationPlatforms) = preSolution
		Debug|Any CPU = Debug|Any CPU
		Release|Any CPU = Release|Any CPU
	EndGlobalSection
	GlobalSection(ProjectConfigurationPlatforms) = postSolution
		{5C4F5664-59E1-41B8-B8A9-BE21576800A5}.Debug|Any CPU.ActiveCfg = Debug|Any CPU
		{5C4F5664-59E1-41B8-B8A9-BE21576800A5}.Debug|Any CPU.Build.0 = Debug|Any CPU
		{5C4F5664-59E1-41B8-B8A9-BE21576800A5}.Release|Any CPU.ActiveCfg = Release|Any CPU
		{5C4F5664-59E1-41B8-B8A9-BE21576800A5}.Release|Any CPU.Build.0 = Release|Any CPU
		{9A82152D-BCCB-48BE-BED7-47E8D0D209E7}.Debug|Any CPU.ActiveCfg = Debug
		{9A82152D-BCCB-48BE-BED7-47E8D0D209E7}.Release|Any CPU.ActiveCfg = Release
		{E3C1FD20-DF58-432F-B267-BD20378F0CBD}.Debug|Any CPU.ActiveCfg = Debug
		{E3C1FD20-DF58-432F-B267-BD20378F0CBD}.Release|Any CPU.ActiveCfg = Release
		{B8DEC985-2BAF-4388-A507-C178D6AB1A34}.Debug|Any CPU.ActiveCfg = Debug
		{B8DEC985-2BAF-4388-A507-C178D6AB1A34}.Release|Any CPU.ActiveCfg = Release
	EndGlobalSection
	GlobalSection(SolutionProperties) = preSolution
		HideSolutionNode = FALSE
	EndGlobalSection
	GlobalSection(ExtensibilityGlobals) = postSolution
		SolutionGuid = {151C4970-2876-448A-A342-331A57887548}
	EndGlobalSection
EndGlobal
